
Microsoft Visual Studio Solution File, Format Version 12.00
# Visual Studio 15
VisualStudioVersion = 15.0.27428.2037
MinimumVisualStudioVersion = 10.0.40219.1
Project("{FAE04EC0-301F-11D3-BF4B-00C04F79EFBC}") = "Task1", "Task1\Task1.csproj", "{06DFF44D-7277-4F12-8864-F24F2E04F5A2}"
EndProject
Project("{FAE04EC0-301F-11D3-BF4B-00C04F79EFBC}") = "Task2", "Task2\Task2.csproj", "{618DB415-0025-41E2-B4AC-8ED6F81F7940}"
EndProject
Project("{FAE04EC0-301F-11D3-BF4B-00C04F79EFBC}") = "Task3", "Task3\Task3.csproj", "{49038A85-B356-4CA0-BE52-421F90EC745C}"
EndProject
Project("{FAE04EC0-301F-11D3-BF4B-00C04F79EFBC}") = "Task4", "Task4\Task4.csproj", "{43D9EA9D-DF74-4A33-8E00-AD490997E286}"
EndProject
Global
	GlobalSection(SolutionConfigurationPlatforms) = preSolution
		Debug|Any CPU = Debug|Any CPU
		Release|Any CPU = Release|Any CPU
	EndGlobalSection
	GlobalSection(ProjectConfigurationPlatforms) = postSolution
		{06DFF44D-7277-4F12-8864-F24F2E04F5A2}.Debug|Any CPU.ActiveCfg = Debug|Any CPU
		{06DFF44D-7277-4F12-8864-F24F2E04F5A2}.Debug|Any CPU.Build.0 = Debug|Any CPU
		{06DFF44D-7277-4F12-8864-F24F2E04F5A2}.Release|Any CPU.ActiveCfg = Release|Any CPU
		{06DFF44D-7277-4F12-8864-F24F2E04F5A2}.Release|Any CPU.Build.0 = Release|Any CPU
		{618DB415-0025-41E2-B4AC-8ED6F81F7940}.Debug|Any CPU.ActiveCfg = Debug|Any CPU
		{618DB415-0025-41E2-B4AC-8ED6F81F7940}.Debug|Any CPU.Build.0 = Debug|Any CPU
		{618DB415-0025-41E2-B4AC-8ED6F81F7940}.Release|Any CPU.ActiveCfg = Release|Any CPU
		{618DB415-0025-41E2-B4AC-8ED6F81F7940}.Release|Any CPU.Build.0 = Release|Any CPU
		{49038A85-B356-4CA0-BE52-421F90EC745C}.Debug|Any CPU.ActiveCfg = Debug|Any CPU
		{49038A85-B356-4CA0-BE52-421F90EC745C}.Debug|Any CPU.Build.0 = Debug|Any CPU
		{49038A85-B356-4CA0-BE52-421F90EC745C}.Release|Any CPU.ActiveCfg = Release|Any CPU
		{49038A85-B356-4CA0-BE52-421F90EC745C}.Release|Any CPU.Build.0 = Release|Any CPU
		{43D9EA9D-DF74-4A33-8E00-AD490997E286}.Debug|Any CPU.ActiveCfg = Debug|Any CPU
		{43D9EA9D-DF74-4A33-8E00-AD490997E286}.Debug|Any CPU.Build.0 = Debug|Any CPU
		{43D9EA9D-DF74-4A33-8E00-AD490997E286}.Release|Any CPU.ActiveCfg = Release|Any CPU
		{43D9EA9D-DF74-4A33-8E00-AD490997E286}.Release|Any CPU.Build.0 = Release|Any CPU
	EndGlobalSection
	GlobalSection(SolutionProperties) = preSolution
		HideSolutionNode = FALSE
	EndGlobalSection
	GlobalSection(ExtensibilityGlobals) = postSolution
		SolutionGuid = {A4F19AFC-2362-456B-9BAB-D16AF2BF07E6}
	EndGlobalSection
EndGlobal
