
Microsoft Visual Studio Solution File, Format Version 12.00
# Visual Studio 15
VisualStudioVersion = 15.0.27428.2037
MinimumVisualStudioVersion = 10.0.40219.1
Project("{FAE04EC0-301F-11D3-BF4B-00C04F79EFBC}") = "Task1", "Task1\Task1.csproj", "{C272438D-FDF6-4A00-B6F5-6DCBD1BA0AE1}"
EndProject
Project("{FAE04EC0-301F-11D3-BF4B-00C04F79EFBC}") = "Task2", "Task2\Task2.csproj", "{2866EA76-EC48-4D3B-A95F-F1D80D1634B3}"
EndProject
Global
	GlobalSection(SolutionConfigurationPlatforms) = preSolution
		Debug|Any CPU = Debug|Any CPU
		Release|Any CPU = Release|Any CPU
	EndGlobalSection
	GlobalSection(ProjectConfigurationPlatforms) = postSolution
		{C272438D-FDF6-4A00-B6F5-6DCBD1BA0AE1}.Debug|Any CPU.ActiveCfg = Debug|Any CPU
		{C272438D-FDF6-4A00-B6F5-6DCBD1BA0AE1}.Debug|Any CPU.Build.0 = Debug|Any CPU
		{C272438D-FDF6-4A00-B6F5-6DCBD1BA0AE1}.Release|Any CPU.ActiveCfg = Release|Any CPU
		{C272438D-FDF6-4A00-B6F5-6DCBD1BA0AE1}.Release|Any CPU.Build.0 = Release|Any CPU
		{2866EA76-EC48-4D3B-A95F-F1D80D1634B3}.Debug|Any CPU.ActiveCfg = Debug|Any CPU
		{2866EA76-EC48-4D3B-A95F-F1D80D1634B3}.Debug|Any CPU.Build.0 = Debug|Any CPU
		{2866EA76-EC48-4D3B-A95F-F1D80D1634B3}.Release|Any CPU.ActiveCfg = Release|Any CPU
		{2866EA76-EC48-4D3B-A95F-F1D80D1634B3}.Release|Any CPU.Build.0 = Release|Any CPU
	EndGlobalSection
	GlobalSection(SolutionProperties) = preSolution
		HideSolutionNode = FALSE
	EndGlobalSection
	GlobalSection(ExtensibilityGlobals) = postSolution
		SolutionGuid = {124AA74E-1832-47FD-A939-BB95CDA7F10A}
	EndGlobalSection
EndGlobal
