
Microsoft Visual Studio Solution File, Format Version 12.00
# Visual Studio 15
VisualStudioVersion = 15.0.27428.2037
MinimumVisualStudioVersion = 10.0.40219.1
Project("{FAE04EC0-301F-11D3-BF4B-00C04F79EFBC}") = "Task1", "Task1\Task1.csproj", "{BF732BD0-EB43-47C8-93F9-52DD9E66C143}"
EndProject
Project("{FAE04EC0-301F-11D3-BF4B-00C04F79EFBC}") = "Task2", "Task2\Task2.csproj", "{01AAC4EE-E435-4E49-99BC-E95367BE9695}"
EndProject
Project("{FAE04EC0-301F-11D3-BF4B-00C04F79EFBC}") = "Task3", "Task3\Task3.csproj", "{ACE86F0E-49DD-4580-A5F6-FB221D4CD98F}"
EndProject
Project("{FAE04EC0-301F-11D3-BF4B-00C04F79EFBC}") = "Task4", "Task4\Task4.csproj", "{397BD301-E4FE-43DE-A11E-FDDBF6747CD5}"
EndProject
Global
	GlobalSection(SolutionConfigurationPlatforms) = preSolution
		Debug|Any CPU = Debug|Any CPU
		Release|Any CPU = Release|Any CPU
	EndGlobalSection
	GlobalSection(ProjectConfigurationPlatforms) = postSolution
		{BF732BD0-EB43-47C8-93F9-52DD9E66C143}.Debug|Any CPU.ActiveCfg = Debug|Any CPU
		{BF732BD0-EB43-47C8-93F9-52DD9E66C143}.Debug|Any CPU.Build.0 = Debug|Any CPU
		{BF732BD0-EB43-47C8-93F9-52DD9E66C143}.Release|Any CPU.ActiveCfg = Release|Any CPU
		{BF732BD0-EB43-47C8-93F9-52DD9E66C143}.Release|Any CPU.Build.0 = Release|Any CPU
		{01AAC4EE-E435-4E49-99BC-E95367BE9695}.Debug|Any CPU.ActiveCfg = Debug|Any CPU
		{01AAC4EE-E435-4E49-99BC-E95367BE9695}.Debug|Any CPU.Build.0 = Debug|Any CPU
		{01AAC4EE-E435-4E49-99BC-E95367BE9695}.Release|Any CPU.ActiveCfg = Release|Any CPU
		{01AAC4EE-E435-4E49-99BC-E95367BE9695}.Release|Any CPU.Build.0 = Release|Any CPU
		{ACE86F0E-49DD-4580-A5F6-FB221D4CD98F}.Debug|Any CPU.ActiveCfg = Debug|Any CPU
		{ACE86F0E-49DD-4580-A5F6-FB221D4CD98F}.Debug|Any CPU.Build.0 = Debug|Any CPU
		{ACE86F0E-49DD-4580-A5F6-FB221D4CD98F}.Release|Any CPU.ActiveCfg = Release|Any CPU
		{ACE86F0E-49DD-4580-A5F6-FB221D4CD98F}.Release|Any CPU.Build.0 = Release|Any CPU
		{397BD301-E4FE-43DE-A11E-FDDBF6747CD5}.Debug|Any CPU.ActiveCfg = Debug|Any CPU
		{397BD301-E4FE-43DE-A11E-FDDBF6747CD5}.Debug|Any CPU.Build.0 = Debug|Any CPU
		{397BD301-E4FE-43DE-A11E-FDDBF6747CD5}.Release|Any CPU.ActiveCfg = Release|Any CPU
		{397BD301-E4FE-43DE-A11E-FDDBF6747CD5}.Release|Any CPU.Build.0 = Release|Any CPU
	EndGlobalSection
	GlobalSection(SolutionProperties) = preSolution
		HideSolutionNode = FALSE
	EndGlobalSection
	GlobalSection(ExtensibilityGlobals) = postSolution
		SolutionGuid = {167A1148-2050-44DA-942C-67D71D7A65E7}
	EndGlobalSection
EndGlobal
