
Microsoft Visual Studio Solution File, Format Version 12.00
# Visual Studio 15
VisualStudioVersion = 15.0.27428.2037
MinimumVisualStudioVersion = 10.0.40219.1
Project("{FAE04EC0-301F-11D3-BF4B-00C04F79EFBC}") = "Task1", "Task1\Task1.csproj", "{852535C8-5C5E-4125-ABF4-DD8129A73500}"
EndProject
Project("{FAE04EC0-301F-11D3-BF4B-00C04F79EFBC}") = "Task3", "Task3\Task3.csproj", "{09D627D5-679A-473E-AD94-FE56C08A7C8B}"
EndProject
Global
	GlobalSection(SolutionConfigurationPlatforms) = preSolution
		Debug|Any CPU = Debug|Any CPU
		Release|Any CPU = Release|Any CPU
	EndGlobalSection
	GlobalSection(ProjectConfigurationPlatforms) = postSolution
		{852535C8-5C5E-4125-ABF4-DD8129A73500}.Debug|Any CPU.ActiveCfg = Debug|Any CPU
		{852535C8-5C5E-4125-ABF4-DD8129A73500}.Debug|Any CPU.Build.0 = Debug|Any CPU
		{852535C8-5C5E-4125-ABF4-DD8129A73500}.Release|Any CPU.ActiveCfg = Release|Any CPU
		{852535C8-5C5E-4125-ABF4-DD8129A73500}.Release|Any CPU.Build.0 = Release|Any CPU
		{09D627D5-679A-473E-AD94-FE56C08A7C8B}.Debug|Any CPU.ActiveCfg = Debug|Any CPU
		{09D627D5-679A-473E-AD94-FE56C08A7C8B}.Debug|Any CPU.Build.0 = Debug|Any CPU
		{09D627D5-679A-473E-AD94-FE56C08A7C8B}.Release|Any CPU.ActiveCfg = Release|Any CPU
		{09D627D5-679A-473E-AD94-FE56C08A7C8B}.Release|Any CPU.Build.0 = Release|Any CPU
	EndGlobalSection
	GlobalSection(SolutionProperties) = preSolution
		HideSolutionNode = FALSE
	EndGlobalSection
	GlobalSection(ExtensibilityGlobals) = postSolution
		SolutionGuid = {E3FCD03F-1332-46AE-A5E7-053172D4EB27}
	EndGlobalSection
EndGlobal
